
Microsoft Visual Studio Solution File, Format Version 12.00
# Visual Studio Version 16
VisualStudioVersion = 16.0.30804.86
MinimumVisualStudioVersion = 10.0.40219.1
Project("{8BC9CEB8-8B4A-11D0-8D11-00A0C91BC942}") = "trie-tree_filter-words", "trie-tree_filter-words\trie-tree_filter-words.vcxproj", "{43496B6A-EBC3-472B-8EEE-13288EAE1329}"
EndProject
Global
	GlobalSection(SolutionConfigurationPlatforms) = preSolution
		Debug|x64 = Debug|x64
		Debug|x86 = Debug|x86
		Release|x64 = Release|x64
		Release|x86 = Release|x86
	EndGlobalSection
	GlobalSection(ProjectConfigurationPlatforms) = postSolution
		{43496B6A-EBC3-472B-8EEE-13288EAE1329}.Debug|x64.ActiveCfg = Debug|x64
		{43496B6A-EBC3-472B-8EEE-13288EAE1329}.Debug|x64.Build.0 = Debug|x64
		{43496B6A-EBC3-472B-8EEE-13288EAE1329}.Debug|x86.ActiveCfg = Debug|Win32
		{43496B6A-EBC3-472B-8EEE-13288EAE1329}.Debug|x86.Build.0 = Debug|Win32
		{43496B6A-EBC3-472B-8EEE-13288EAE1329}.Release|x64.ActiveCfg = Release|x64
		{43496B6A-EBC3-472B-8EEE-13288EAE1329}.Release|x64.Build.0 = Release|x64
		{43496B6A-EBC3-472B-8EEE-13288EAE1329}.Release|x86.ActiveCfg = Release|Win32
		{43496B6A-EBC3-472B-8EEE-13288EAE1329}.Release|x86.Build.0 = Release|Win32
	EndGlobalSection
	GlobalSection(SolutionProperties) = preSolution
		HideSolutionNode = FALSE
	EndGlobalSection
	GlobalSection(ExtensibilityGlobals) = postSolution
		SolutionGuid = {5FCB56DD-4775-43D5-8F50-46DBA90C0BE6}
	EndGlobalSection
EndGlobal
